# This file is autogenerated, do not edit; changes may be undone by the next 'dep ensure'.


[[projects]]
  name = "github.com/aws/aws-lambda-go"
  packages = ["lambdacontext"]
  revision = "fafa7e49388b8991caf99308e80655ba91816b72"
  version = "v1.1.0"

[[projects]]
  name = "github.com/deckarep/golang-set"
  packages = ["."]
  revision = "1d4478f51bed434f1dadf96dcd9b43aabac66795"
  version = "v1.7"

[[projects]]
  name = "github.com/eltorocorp/cfn-response"
  packages = ["cfnhelper"]
  revision = "bdfb03e0da22b422891bcdb97769e9730b6feec5"
  version = "1.0.0"

[solve-meta]
  analyzer-name = "dep"
  analyzer-version = 1
  inputs-digest = "d063fd6a9c1bc8f5c6ffbafc46b0d35a9cecf89b3ede1a657f23cfe503b3c200"
  solver-name = "gps-cdcl"
  solver-version = 1
